
Microsoft Visual Studio Solution File, Format Version 12.00
# Visual Studio Version 17
VisualStudioVersion = 17.11.35222.181
MinimumVisualStudioVersion = 10.0.40219.1
Project("{FAE04EC0-301F-11D3-BF4B-00C04F79EFBC}") = "FunWithArrays", "FunWithArrays.csproj", "{93DFF016-EE71-4E52-8612-2AA328C2722A}"
EndProject
Global
	GlobalSection(SolutionConfigurationPlatforms) = preSolution
		Debug|Any CPU = Debug|Any CPU
		Release|Any CPU = Release|Any CPU
	EndGlobalSection
	GlobalSection(ProjectConfigurationPlatforms) = postSolution
		{93DFF016-EE71-4E52-8612-2AA328C2722A}.Debug|Any CPU.ActiveCfg = Debug|Any CPU
		{93DFF016-EE71-4E52-8612-2AA328C2722A}.Debug|Any CPU.Build.0 = Debug|Any CPU
		{93DFF016-EE71-4E52-8612-2AA328C2722A}.Release|Any CPU.ActiveCfg = Release|Any CPU
		{93DFF016-EE71-4E52-8612-2AA328C2722A}.Release|Any CPU.Build.0 = Release|Any CPU
	EndGlobalSection
	GlobalSection(SolutionProperties) = preSolution
		HideSolutionNode = FALSE
	EndGlobalSection
	GlobalSection(ExtensibilityGlobals) = postSolution
		SolutionGuid = {E108EB67-66F6-41AD-B01C-5A3894A82F09}
	EndGlobalSection
EndGlobal
